
Microsoft Visual Studio Solution File, Format Version 12.00
# Visual Studio Version 16
VisualStudioVersion = 16.0.30011.22
MinimumVisualStudioVersion = 10.0.40219.1
Project("{6EC3EE1D-3C4E-46DD-8F32-0CC8E7565705}") = "MatrixGenerator", "MatrixGenerator\MatrixGenerator.fsproj", "{BF01A064-827E-4A68-86EA-583B17F9A951}"
EndProject
Project("{F2A71F9B-5D33-465A-A702-920D77279786}") = "Tests", "Tests\Tests.fsproj", "{995B3058-F311-400F-B290-839E5B8B344A}"
EndProject
Global
	GlobalSection(SolutionConfigurationPlatforms) = preSolution
		Debug|Any CPU = Debug|Any CPU
		Release|Any CPU = Release|Any CPU
	EndGlobalSection
	GlobalSection(ProjectConfigurationPlatforms) = postSolution
		{BF01A064-827E-4A68-86EA-583B17F9A951}.Debug|Any CPU.ActiveCfg = Debug|Any CPU
		{BF01A064-827E-4A68-86EA-583B17F9A951}.Debug|Any CPU.Build.0 = Debug|Any CPU
		{BF01A064-827E-4A68-86EA-583B17F9A951}.Release|Any CPU.ActiveCfg = Release|Any CPU
		{BF01A064-827E-4A68-86EA-583B17F9A951}.Release|Any CPU.Build.0 = Release|Any CPU
		{995B3058-F311-400F-B290-839E5B8B344A}.Debug|Any CPU.ActiveCfg = Debug|Any CPU
		{995B3058-F311-400F-B290-839E5B8B344A}.Debug|Any CPU.Build.0 = Debug|Any CPU
		{995B3058-F311-400F-B290-839E5B8B344A}.Release|Any CPU.ActiveCfg = Release|Any CPU
		{995B3058-F311-400F-B290-839E5B8B344A}.Release|Any CPU.Build.0 = Release|Any CPU
	EndGlobalSection
	GlobalSection(SolutionProperties) = preSolution
		HideSolutionNode = FALSE
	EndGlobalSection
	GlobalSection(ExtensibilityGlobals) = postSolution
		SolutionGuid = {BFE74FF6-3BF8-455E-A832-E533822EEF14}
	EndGlobalSection
EndGlobal
