
Microsoft Visual Studio Solution File, Format Version 12.00
# Visual Studio Version 16
VisualStudioVersion = 16.0.29905.134
MinimumVisualStudioVersion = 10.0.40219.1
Project("{F2A71F9B-5D33-465A-A702-920D77279786}") = "Utils", "Utils\Utils.fsproj", "{D34BBEBB-CE1E-4512-92D9-83DF64191246}"
EndProject
Global
	GlobalSection(SolutionConfigurationPlatforms) = preSolution
		Debug|Any CPU = Debug|Any CPU
		Release|Any CPU = Release|Any CPU
	EndGlobalSection
	GlobalSection(ProjectConfigurationPlatforms) = postSolution
		{D34BBEBB-CE1E-4512-92D9-83DF64191246}.Debug|Any CPU.ActiveCfg = Debug|Any CPU
		{D34BBEBB-CE1E-4512-92D9-83DF64191246}.Debug|Any CPU.Build.0 = Debug|Any CPU
		{D34BBEBB-CE1E-4512-92D9-83DF64191246}.Release|Any CPU.ActiveCfg = Release|Any CPU
		{D34BBEBB-CE1E-4512-92D9-83DF64191246}.Release|Any CPU.Build.0 = Release|Any CPU
	EndGlobalSection
	GlobalSection(SolutionProperties) = preSolution
		HideSolutionNode = FALSE
	EndGlobalSection
	GlobalSection(ExtensibilityGlobals) = postSolution
		SolutionGuid = {098373A6-CD9E-430D-A156-B9AB7234C293}
	EndGlobalSection
EndGlobal
